{
  "nodes": {
    "declarative-cachix": {
      "locked": {
        "lastModified": 1698062126,
        "narHash": "sha256-JtL+IM2Vrlfwny2DtD/o1Ot6kWPq3cEFiEKNzWO0ZsY=",
        "owner": "jonascarpay",
        "repo": "declarative-cachix",
        "rev": "800c308a85b964eb3447a3cb07e8190fb74dcf59",
        "type": "github"
      },
      "original": {
        "owner": "jonascarpay",
        "repo": "declarative-cachix",
        "type": "github"
      }
    },
    "devshell": {
      "inputs": {
        "nixpkgs": [
          "nixpkgs"
        ]
      },
      "locked": {
        "lastModified": 1735644329,
        "narHash": "sha256-tO3HrHriyLvipc4xr+Ewtdlo7wM1OjXNjlWRgmM7peY=",
        "owner": "numtide",
        "repo": "devshell",
        "rev": "f7795ede5b02664b57035b3b757876703e2c3eac",
        "type": "github"
      },
      "original": {
        "owner": "numtide",
        "repo": "devshell",
        "type": "github"
      }
    },
    "devshell_2": {
      "inputs": {
        "nixpkgs": [
          "nixvim",
          "nixpkgs"
        ]
      },
      "locked": {
        "lastModified": 1735644329,
        "narHash": "sha256-tO3HrHriyLvipc4xr+Ewtdlo7wM1OjXNjlWRgmM7peY=",
        "owner": "numtide",
        "repo": "devshell",
        "rev": "f7795ede5b02664b57035b3b757876703e2c3eac",
        "type": "github"
      },
      "original": {
        "owner": "numtide",
        "repo": "devshell",
        "type": "github"
      }
    },
    "flake-compat": {
      "flake": false,
      "locked": {
        "lastModified": 1696426674,
        "narHash": "sha256-kvjfFW7WAETZlt09AgDn1MrtKzP7t90Vf7vypd3OL1U=",
        "owner": "edolstra",
        "repo": "flake-compat",
        "rev": "0f9255e01c2351cc7d116c072cb317785dd33b33",
        "type": "github"
      },
      "original": {
        "owner": "edolstra",
        "repo": "flake-compat",
        "type": "github"
      }
    },
    "flake-compat_2": {
      "locked": {
        "lastModified": 1696426674,
        "narHash": "sha256-kvjfFW7WAETZlt09AgDn1MrtKzP7t90Vf7vypd3OL1U=",
        "rev": "0f9255e01c2351cc7d116c072cb317785dd33b33",
        "revCount": 57,
        "type": "tarball",
        "url": "https://api.flakehub.com/f/pinned/edolstra/flake-compat/1.0.1/018afb31-abd1-7bff-a5e4-cff7e18efb7a/source.tar.gz"
      },
      "original": {
        "type": "tarball",
        "url": "https://flakehub.com/f/edolstra/flake-compat/1.tar.gz"
      }
    },
    "flake-parts": {
      "inputs": {
        "nixpkgs-lib": "nixpkgs-lib"
      },
      "locked": {
        "lastModified": 1735774679,
        "narHash": "sha256-soePLBazJk0qQdDVhdbM98vYdssfs3WFedcq+raipRI=",
        "owner": "hercules-ci",
        "repo": "flake-parts",
        "rev": "f2f7418ce0ab4a5309a4596161d154cfc877af66",
        "type": "github"
      },
      "original": {
        "owner": "hercules-ci",
        "repo": "flake-parts",
        "type": "github"
      }
    },
    "flake-utils": {
      "inputs": {
        "systems": "systems"
      },
      "locked": {
        "lastModified": 1731533236,
        "narHash": "sha256-l0KFg5HjrsfsO/JpG+r7fRrqm12kzFHyUHqHCVpMMbI=",
        "owner": "numtide",
        "repo": "flake-utils",
        "rev": "11707dc2f618dd54ca8739b309ec4fc024de578b",
        "type": "github"
      },
      "original": {
        "owner": "numtide",
        "repo": "flake-utils",
        "type": "github"
      }
    },
    "flake-utils_2": {
      "inputs": {
        "systems": "systems_2"
      },
      "locked": {
        "lastModified": 1731533236,
        "narHash": "sha256-l0KFg5HjrsfsO/JpG+r7fRrqm12kzFHyUHqHCVpMMbI=",
        "owner": "numtide",
        "repo": "flake-utils",
        "rev": "11707dc2f618dd54ca8739b309ec4fc024de578b",
        "type": "github"
      },
      "original": {
        "owner": "numtide",
        "repo": "flake-utils",
        "type": "github"
      }
    },
    "flatpak-zsh-completion": {
      "flake": false,
      "locked": {
        "lastModified": 1727986123,
        "narHash": "sha256-a31Bfzjf9TYO7entScJy/87VmWNpZdT6iml3uLJ3UTc=",
        "owner": "bilelmoussaoui",
        "repo": "flatpak-zsh-completion",
        "rev": "83ba8f1c8685c1aaf8f78bfe3065a402c8e66322",
        "type": "github"
      },
      "original": {
        "owner": "bilelmoussaoui",
        "repo": "flatpak-zsh-completion",
        "type": "github"
      }
    },
    "git-hooks": {
      "inputs": {
        "flake-compat": [
          "nixvim",
          "flake-compat"
        ],
        "gitignore": "gitignore",
        "nixpkgs": [
          "nixvim",
          "nixpkgs"
        ]
      },
      "locked": {
        "lastModified": 1735882644,
        "narHash": "sha256-3FZAG+pGt3OElQjesCAWeMkQ7C/nB1oTHLRQ8ceP110=",
        "owner": "cachix",
        "repo": "git-hooks.nix",
        "rev": "a5a961387e75ae44cc20f0a57ae463da5e959656",
        "type": "github"
      },
      "original": {
        "owner": "cachix",
        "repo": "git-hooks.nix",
        "type": "github"
      }
    },
    "gitignore": {
      "inputs": {
        "nixpkgs": [
          "nixvim",
          "git-hooks",
          "nixpkgs"
        ]
      },
      "locked": {
        "lastModified": 1709087332,
        "narHash": "sha256-HG2cCnktfHsKV0s4XW83gU3F57gaTljL9KNSuG6bnQs=",
        "owner": "hercules-ci",
        "repo": "gitignore.nix",
        "rev": "637db329424fd7e46cf4185293b9cc8c88c95394",
        "type": "github"
      },
      "original": {
        "owner": "hercules-ci",
        "repo": "gitignore.nix",
        "type": "github"
      }
    },
    "home-manager": {
      "inputs": {
        "nixpkgs": [
          "nixpkgs"
        ]
      },
      "locked": {
        "lastModified": 1735925111,
        "narHash": "sha256-/NptDI4njO5hH0ZVQ2yzbvTXmBOabZaGYkjhnMJ37TY=",
        "owner": "nix-community",
        "repo": "home-manager",
        "rev": "ef64efdbaca99f9960f75efab991e4c49e79a5f1",
        "type": "github"
      },
      "original": {
        "owner": "nix-community",
        "repo": "home-manager",
        "type": "github"
      }
    },
    "ixx": {
      "inputs": {
        "flake-utils": [
          "nixvim",
          "nuschtosSearch",
          "flake-utils"
        ],
        "nixpkgs": [
          "nixvim",
          "nuschtosSearch",
          "nixpkgs"
        ]
      },
      "locked": {
        "lastModified": 1729958008,
        "narHash": "sha256-EiOq8jF4Z/zQe0QYVc3+qSKxRK//CFHMB84aYrYGwEs=",
        "owner": "NuschtOS",
        "repo": "ixx",
        "rev": "9fd01aad037f345350eab2cd45e1946cc66da4eb",
        "type": "github"
      },
      "original": {
        "owner": "NuschtOS",
        "ref": "v0.0.6",
        "repo": "ixx",
        "type": "github"
      }
    },
    "nix-index-database": {
      "inputs": {
        "nixpkgs": [
          "nixpkgs"
        ]
      },
      "locked": {
        "lastModified": 1735443188,
        "narHash": "sha256-AydPpRBh8+NOkrLylG7vTsHrGO2b5L7XkMEL5HlzcA8=",
        "owner": "nix-community",
        "repo": "nix-index-database",
        "rev": "55ab1e1df5daf2476e6b826b69a82862dcbd7544",
        "type": "github"
      },
      "original": {
        "owner": "nix-community",
        "repo": "nix-index-database",
        "type": "github"
      }
    },
    "nix-vscode-extensions": {
      "inputs": {
        "flake-compat": "flake-compat",
        "flake-utils": [
          "flake-utils"
        ],
        "nixpkgs": [
          "nixpkgs"
        ]
      },
      "locked": {
        "lastModified": 1735868868,
        "narHash": "sha256-U4Oy2o/CmBg6gexAHamH++52oAgvvEwcq9fkEmcvjyw=",
        "owner": "nix-community",
        "repo": "nix-vscode-extensions",
        "rev": "b0f7a59cee0ca77c157ab4e0c60d4a9df6bccb86",
        "type": "github"
      },
      "original": {
        "owner": "nix-community",
        "repo": "nix-vscode-extensions",
        "type": "github"
      }
    },
    "nixgl": {
      "inputs": {
        "flake-utils": [
          "flake-utils"
        ],
        "nixpkgs": [
          "nixpkgs"
        ]
      },
      "locked": {
        "lastModified": 1713543440,
        "narHash": "sha256-lnzZQYG0+EXl/6NkGpyIz+FEOc/DSEG57AP1VsdeNrM=",
        "owner": "nix-community",
        "repo": "nixGL",
        "rev": "310f8e49a149e4c9ea52f1adf70cdc768ec53f8a",
        "type": "github"
      },
      "original": {
        "owner": "nix-community",
        "repo": "nixGL",
        "type": "github"
      }
    },
    "nixos-unified": {
      "locked": {
        "lastModified": 1735833372,
        "narHash": "sha256-I8aD120ikq/WWFQ95MacxH/0RETpM+SFQX7ess7CvRA=",
        "owner": "srid",
        "repo": "nixos-unified",
        "rev": "61d3fc775abc937b0d8dfc687d3116f841b59fb7",
        "type": "github"
      },
      "original": {
        "owner": "srid",
        "repo": "nixos-unified",
        "type": "github"
      }
    },
    "nixpkgs": {
      "locked": {
        "lastModified": 1735821806,
        "narHash": "sha256-cuNapx/uQeCgeuhUhdck3JKbgpsml259sjUQnWM7zW8=",
        "owner": "nixos",
        "repo": "nixpkgs",
        "rev": "d6973081434f88088e5321f83ebafe9a1167c367",
        "type": "github"
      },
      "original": {
        "owner": "nixos",
        "ref": "nixpkgs-unstable",
        "repo": "nixpkgs",
        "type": "github"
      }
    },
    "nixpkgs-lib": {
      "locked": {
        "lastModified": 1735774519,
        "narHash": "sha256-CewEm1o2eVAnoqb6Ml+Qi9Gg/EfNAxbRx1lANGVyoLI=",
        "type": "tarball",
        "url": "https://github.com/NixOS/nixpkgs/archive/e9b51731911566bbf7e4895475a87fe06961de0b.tar.gz"
      },
      "original": {
        "type": "tarball",
        "url": "https://github.com/NixOS/nixpkgs/archive/e9b51731911566bbf7e4895475a87fe06961de0b.tar.gz"
      }
    },
    "nixvim": {
      "inputs": {
        "devshell": "devshell_2",
        "flake-compat": "flake-compat_2",
        "flake-parts": [
          "flake-parts"
        ],
        "git-hooks": "git-hooks",
        "home-manager": [
          "home-manager"
        ],
        "nix-darwin": [],
        "nixpkgs": [
          "nixpkgs"
        ],
        "nuschtosSearch": "nuschtosSearch",
        "treefmt-nix": []
      },
      "locked": {
        "lastModified": 1735943497,
        "narHash": "sha256-ji2a8vNsBuZwbNjGDy2ubGTv3h4junqfVZUO7TcyfnU=",
        "owner": "nix-community",
        "repo": "nixvim",
        "rev": "24ac8f651dc0e65cb26553760c39b9c6f9de732b",
        "type": "github"
      },
      "original": {
        "owner": "nix-community",
        "repo": "nixvim",
        "type": "github"
      }
    },
    "nuschtosSearch": {
      "inputs": {
        "flake-utils": "flake-utils_2",
        "ixx": "ixx",
        "nixpkgs": [
          "nixvim",
          "nixpkgs"
        ]
      },
      "locked": {
        "lastModified": 1735854821,
        "narHash": "sha256-Iv59gMDZajNfezTO0Fw6LHE7uKAShxbvMidmZREit7c=",
        "owner": "NuschtOS",
        "repo": "search",
        "rev": "836908e3bddd837ae0f13e215dd48767aee355f0",
        "type": "github"
      },
      "original": {
        "owner": "NuschtOS",
        "repo": "search",
        "type": "github"
      }
    },
    "ohmyzsh": {
      "flake": false,
      "locked": {
        "lastModified": 1735550105,
        "narHash": "sha256-NPFrqbyCet8CFxD2BM3DzU0ybUAWIGVJCXf0AKaJdgY=",
        "owner": "ohmyzsh",
        "repo": "ohmyzsh",
        "rev": "d82669199b5d900b50fd06dd3518c277f0def869",
        "type": "github"
      },
      "original": {
        "owner": "ohmyzsh",
        "repo": "ohmyzsh",
        "type": "github"
      }
    },
    "root": {
      "inputs": {
        "declarative-cachix": "declarative-cachix",
        "devshell": "devshell",
        "flake-parts": "flake-parts",
        "flake-utils": "flake-utils",
        "flatpak-zsh-completion": "flatpak-zsh-completion",
        "home-manager": "home-manager",
        "nix-index-database": "nix-index-database",
        "nix-vscode-extensions": "nix-vscode-extensions",
        "nixgl": "nixgl",
        "nixos-unified": "nixos-unified",
        "nixpkgs": "nixpkgs",
        "nixvim": "nixvim",
        "ohmyzsh": "ohmyzsh",
        "systems": "systems_3",
        "treefmt-nix": "treefmt-nix",
        "zephyr": "zephyr",
        "zsh-bench": "zsh-bench",
        "zsh-completions": "zsh-completions",
        "zsh-utils": "zsh-utils"
      }
    },
    "systems": {
      "locked": {
        "lastModified": 1681028828,
        "narHash": "sha256-Vy1rq5AaRuLzOxct8nz4T6wlgyUR7zLU309k9mBC768=",
        "owner": "nix-systems",
        "repo": "default",
        "rev": "da67096a3b9bf56a91d16901293e51ba5b49a27e",
        "type": "github"
      },
      "original": {
        "owner": "nix-systems",
        "repo": "default",
        "type": "github"
      }
    },
    "systems_2": {
      "locked": {
        "lastModified": 1681028828,
        "narHash": "sha256-Vy1rq5AaRuLzOxct8nz4T6wlgyUR7zLU309k9mBC768=",
        "owner": "nix-systems",
        "repo": "default",
        "rev": "da67096a3b9bf56a91d16901293e51ba5b49a27e",
        "type": "github"
      },
      "original": {
        "owner": "nix-systems",
        "repo": "default",
        "type": "github"
      }
    },
    "systems_3": {
      "locked": {
        "lastModified": 1681028828,
        "narHash": "sha256-Vy1rq5AaRuLzOxct8nz4T6wlgyUR7zLU309k9mBC768=",
        "owner": "nix-systems",
        "repo": "default",
        "rev": "da67096a3b9bf56a91d16901293e51ba5b49a27e",
        "type": "github"
      },
      "original": {
        "owner": "nix-systems",
        "repo": "default",
        "type": "github"
      }
    },
    "treefmt-nix": {
      "inputs": {
        "nixpkgs": [
          "nixpkgs"
        ]
      },
      "locked": {
        "lastModified": 1735905407,
        "narHash": "sha256-1hKMRIT+QZNWX46e4gIovoQ7H8QRb7803ZH4qSKI45o=",
        "owner": "numtide",
        "repo": "treefmt-nix",
        "rev": "29806abab803e498df96d82dd6f34b32eb8dd2c8",
        "type": "github"
      },
      "original": {
        "owner": "numtide",
        "repo": "treefmt-nix",
        "type": "github"
      }
    },
    "zephyr": {
      "flake": false,
      "locked": {
        "lastModified": 1732538144,
        "narHash": "sha256-uE+o4Y4ntPlD8g8QCmk4GOSeb6ejXlhTfDyqM0QZFDA=",
        "owner": "mattmc3",
        "repo": "zephyr",
        "rev": "18d86e87054b040fa4fe80d1553b4e2a8763369f",
        "type": "github"
      },
      "original": {
        "owner": "mattmc3",
        "repo": "zephyr",
        "type": "github"
      }
    },
    "zsh-bench": {
      "flake": false,
      "locked": {
        "lastModified": 1726467341,
        "narHash": "sha256-0WGiDULubwQ9RDzKMVe39X149orpXxhPajM7nQSFT5I=",
        "owner": "romkatv",
        "repo": "zsh-bench",
        "rev": "661fc46c74fd970f00346d285f5ae434130491f0",
        "type": "github"
      },
      "original": {
        "owner": "romkatv",
        "repo": "zsh-bench",
        "type": "github"
      }
    },
    "zsh-completions": {
      "flake": false,
      "locked": {
        "lastModified": 1734910229,
        "narHash": "sha256-EG6bwbwZW9Cya/BGZ83J5YEAUdfJ0UAQC7bRG7cFL2k=",
        "owner": "zsh-users",
        "repo": "zsh-completions",
        "rev": "c160d09fddd28ceb3af5cf80e9253af80e450d96",
        "type": "github"
      },
      "original": {
        "owner": "zsh-users",
        "repo": "zsh-completions",
        "type": "github"
      }
    },
    "zsh-utils": {
      "flake": false,
      "locked": {
        "lastModified": 1710132872,
        "narHash": "sha256-lO3+Pa8YjQaVkuD93fgO2AOcWN5JvNIBxBDu9+0ck48=",
        "owner": "belak",
        "repo": "zsh-utils",
        "rev": "0e3238b6462fd5cd7c4c6b5d1dccbe5a69d2b5b4",
        "type": "github"
      },
      "original": {
        "owner": "belak",
        "repo": "zsh-utils",
        "type": "github"
      }
    }
  },
  "root": "root",
  "version": 7
}
